
Microsoft Visual Studio Solution File, Format Version 12.00
# Visual Studio Version 16
VisualStudioVersion = 16.0.29709.97
MinimumVisualStudioVersion = 10.0.40219.1
Project("{FAE04EC0-301F-11D3-BF4B-00C04F79EFBC}") = "BadgeWatch.Android", "BadgeWatch\BadgeWatch.Android\BadgeWatch.Android.csproj", "{3C42DF18-B5DB-4D44-8E9B-134A975C8E5E}"
EndProject
Project("{FAE04EC0-301F-11D3-BF4B-00C04F79EFBC}") = "BadgeWatch.iOS", "BadgeWatch\BadgeWatch.iOS\BadgeWatch.iOS.csproj", "{F69BB101-1B3D-4D0C-9A9E-CCFB63A14FB5}"
EndProject
Project("{FAE04EC0-301F-11D3-BF4B-00C04F79EFBC}") = "BadgeWatch", "BadgeWatch\BadgeWatch\BadgeWatch.csproj", "{2189D598-0972-4E2B-8962-CB84EF9A800A}"
EndProject
Global
	GlobalSection(SolutionConfigurationPlatforms) = preSolution
		Debug|Any CPU = Debug|Any CPU
		Debug|iPhone = Debug|iPhone
		Debug|iPhoneSimulator = Debug|iPhoneSimulator
		Release|Any CPU = Release|Any CPU
		Release|iPhone = Release|iPhone
		Release|iPhoneSimulator = Release|iPhoneSimulator
	EndGlobalSection
	GlobalSection(ProjectConfigurationPlatforms) = postSolution
		{3C42DF18-B5DB-4D44-8E9B-134A975C8E5E}.Debug|Any CPU.ActiveCfg = Debug|Any CPU
		{3C42DF18-B5DB-4D44-8E9B-134A975C8E5E}.Debug|Any CPU.Build.0 = Debug|Any CPU
		{3C42DF18-B5DB-4D44-8E9B-134A975C8E5E}.Debug|Any CPU.Deploy.0 = Debug|Any CPU
		{3C42DF18-B5DB-4D44-8E9B-134A975C8E5E}.Debug|iPhone.ActiveCfg = Debug|Any CPU
		{3C42DF18-B5DB-4D44-8E9B-134A975C8E5E}.Debug|iPhone.Build.0 = Debug|Any CPU
		{3C42DF18-B5DB-4D44-8E9B-134A975C8E5E}.Debug|iPhone.Deploy.0 = Debug|Any CPU
		{3C42DF18-B5DB-4D44-8E9B-134A975C8E5E}.Debug|iPhoneSimulator.ActiveCfg = Debug|Any CPU
		{3C42DF18-B5DB-4D44-8E9B-134A975C8E5E}.Debug|iPhoneSimulator.Build.0 = Debug|Any CPU
		{3C42DF18-B5DB-4D44-8E9B-134A975C8E5E}.Debug|iPhoneSimulator.Deploy.0 = Debug|Any CPU
		{3C42DF18-B5DB-4D44-8E9B-134A975C8E5E}.Release|Any CPU.ActiveCfg = Release|Any CPU
		{3C42DF18-B5DB-4D44-8E9B-134A975C8E5E}.Release|Any CPU.Build.0 = Release|Any CPU
		{3C42DF18-B5DB-4D44-8E9B-134A975C8E5E}.Release|Any CPU.Deploy.0 = Release|Any CPU
		{3C42DF18-B5DB-4D44-8E9B-134A975C8E5E}.Release|iPhone.ActiveCfg = Release|Any CPU
		{3C42DF18-B5DB-4D44-8E9B-134A975C8E5E}.Release|iPhone.Build.0 = Release|Any CPU
		{3C42DF18-B5DB-4D44-8E9B-134A975C8E5E}.Release|iPhone.Deploy.0 = Release|Any CPU
		{3C42DF18-B5DB-4D44-8E9B-134A975C8E5E}.Release|iPhoneSimulator.ActiveCfg = Release|Any CPU
		{3C42DF18-B5DB-4D44-8E9B-134A975C8E5E}.Release|iPhoneSimulator.Build.0 = Release|Any CPU
		{3C42DF18-B5DB-4D44-8E9B-134A975C8E5E}.Release|iPhoneSimulator.Deploy.0 = Release|Any CPU
		{F69BB101-1B3D-4D0C-9A9E-CCFB63A14FB5}.Debug|Any CPU.ActiveCfg = Debug|iPhoneSimulator
		{F69BB101-1B3D-4D0C-9A9E-CCFB63A14FB5}.Debug|Any CPU.Build.0 = Debug|iPhoneSimulator
		{F69BB101-1B3D-4D0C-9A9E-CCFB63A14FB5}.Debug|Any CPU.Deploy.0 = Debug|iPhoneSimulator
		{F69BB101-1B3D-4D0C-9A9E-CCFB63A14FB5}.Debug|iPhone.ActiveCfg = Debug|iPhone
		{F69BB101-1B3D-4D0C-9A9E-CCFB63A14FB5}.Debug|iPhone.Build.0 = Debug|iPhone
		{F69BB101-1B3D-4D0C-9A9E-CCFB63A14FB5}.Debug|iPhone.Deploy.0 = Debug|iPhone
		{F69BB101-1B3D-4D0C-9A9E-CCFB63A14FB5}.Debug|iPhoneSimulator.ActiveCfg = Debug|iPhoneSimulator
		{F69BB101-1B3D-4D0C-9A9E-CCFB63A14FB5}.Debug|iPhoneSimulator.Build.0 = Debug|iPhoneSimulator
		{F69BB101-1B3D-4D0C-9A9E-CCFB63A14FB5}.Debug|iPhoneSimulator.Deploy.0 = Debug|iPhoneSimulator
		{F69BB101-1B3D-4D0C-9A9E-CCFB63A14FB5}.Release|Any CPU.ActiveCfg = Release|iPhone
		{F69BB101-1B3D-4D0C-9A9E-CCFB63A14FB5}.Release|Any CPU.Build.0 = Release|iPhone
		{F69BB101-1B3D-4D0C-9A9E-CCFB63A14FB5}.Release|Any CPU.Deploy.0 = Release|iPhone
		{F69BB101-1B3D-4D0C-9A9E-CCFB63A14FB5}.Release|iPhone.ActiveCfg = Release|iPhone
		{F69BB101-1B3D-4D0C-9A9E-CCFB63A14FB5}.Release|iPhone.Build.0 = Release|iPhone
		{F69BB101-1B3D-4D0C-9A9E-CCFB63A14FB5}.Release|iPhone.Deploy.0 = Release|iPhone
		{F69BB101-1B3D-4D0C-9A9E-CCFB63A14FB5}.Release|iPhoneSimulator.ActiveCfg = Release|iPhoneSimulator
		{F69BB101-1B3D-4D0C-9A9E-CCFB63A14FB5}.Release|iPhoneSimulator.Build.0 = Release|iPhoneSimulator
		{F69BB101-1B3D-4D0C-9A9E-CCFB63A14FB5}.Release|iPhoneSimulator.Deploy.0 = Release|iPhoneSimulator
		{2189D598-0972-4E2B-8962-CB84EF9A800A}.Debug|Any CPU.ActiveCfg = Debug|Any CPU
		{2189D598-0972-4E2B-8962-CB84EF9A800A}.Debug|Any CPU.Build.0 = Debug|Any CPU
		{2189D598-0972-4E2B-8962-CB84EF9A800A}.Debug|Any CPU.Deploy.0 = Debug|Any CPU
		{2189D598-0972-4E2B-8962-CB84EF9A800A}.Debug|iPhone.ActiveCfg = Debug|Any CPU
		{2189D598-0972-4E2B-8962-CB84EF9A800A}.Debug|iPhone.Build.0 = Debug|Any CPU
		{2189D598-0972-4E2B-8962-CB84EF9A800A}.Debug|iPhone.Deploy.0 = Debug|Any CPU
		{2189D598-0972-4E2B-8962-CB84EF9A800A}.Debug|iPhoneSimulator.ActiveCfg = Debug|Any CPU
		{2189D598-0972-4E2B-8962-CB84EF9A800A}.Debug|iPhoneSimulator.Build.0 = Debug|Any CPU
		{2189D598-0972-4E2B-8962-CB84EF9A800A}.Debug|iPhoneSimulator.Deploy.0 = Debug|Any CPU
		{2189D598-0972-4E2B-8962-CB84EF9A800A}.Release|Any CPU.ActiveCfg = Release|Any CPU
		{2189D598-0972-4E2B-8962-CB84EF9A800A}.Release|Any CPU.Build.0 = Release|Any CPU
		{2189D598-0972-4E2B-8962-CB84EF9A800A}.Release|Any CPU.Deploy.0 = Release|Any CPU
		{2189D598-0972-4E2B-8962-CB84EF9A800A}.Release|iPhone.ActiveCfg = Release|Any CPU
		{2189D598-0972-4E2B-8962-CB84EF9A800A}.Release|iPhone.Build.0 = Release|Any CPU
		{2189D598-0972-4E2B-8962-CB84EF9A800A}.Release|iPhone.Deploy.0 = Release|Any CPU
		{2189D598-0972-4E2B-8962-CB84EF9A800A}.Release|iPhoneSimulator.ActiveCfg = Release|Any CPU
		{2189D598-0972-4E2B-8962-CB84EF9A800A}.Release|iPhoneSimulator.Build.0 = Release|Any CPU
		{2189D598-0972-4E2B-8962-CB84EF9A800A}.Release|iPhoneSimulator.Deploy.0 = Release|Any CPU
	EndGlobalSection
	GlobalSection(SolutionProperties) = preSolution
		HideSolutionNode = FALSE
	EndGlobalSection
	GlobalSection(ExtensibilityGlobals) = postSolution
		SolutionGuid = {90D70EF6-7FBB-4FBD-BBB5-25F11CE20CE3}
	EndGlobalSection
EndGlobal
