
Microsoft Visual Studio Solution File, Format Version 12.00
# Visual Studio Version 16
VisualStudioVersion = 16.0.29728.190
MinimumVisualStudioVersion = 10.0.40219.1
Project("{FAE04EC0-301F-11D3-BF4B-00C04F79EFBC}") = "BadgeWatch.UWP", "BadgeWatch.UWP\BadgeWatch.UWP.csproj", "{6DF027F2-0046-4224-AC61-3979618040BD}"
EndProject
Project("{FAE04EC0-301F-11D3-BF4B-00C04F79EFBC}") = "BadgeWatch.Android", "BadgeWatch.Android\BadgeWatch.Android.csproj", "{123C9F24-F52A-4C85-8EA9-2B02CA8C57EA}"
EndProject
Project("{FAE04EC0-301F-11D3-BF4B-00C04F79EFBC}") = "BadgeWatch.iOS", "BadgeWatch.iOS\BadgeWatch.iOS.csproj", "{CE452E5F-DAE5-43F5-83BB-D04CEB257EEA}"
EndProject
Project("{FAE04EC0-301F-11D3-BF4B-00C04F79EFBC}") = "BadgeWatch", "BadgeWatch\BadgeWatch.csproj", "{023C56ED-B407-41B2-AC90-35EBDA1D3472}"
EndProject
Global
	GlobalSection(SolutionConfigurationPlatforms) = preSolution
		Debug|Any CPU = Debug|Any CPU
		Debug|ARM = Debug|ARM
		Debug|iPhone = Debug|iPhone
		Debug|iPhoneSimulator = Debug|iPhoneSimulator
		Debug|x64 = Debug|x64
		Debug|x86 = Debug|x86
		Release|Any CPU = Release|Any CPU
		Release|ARM = Release|ARM
		Release|iPhone = Release|iPhone
		Release|iPhoneSimulator = Release|iPhoneSimulator
		Release|x64 = Release|x64
		Release|x86 = Release|x86
	EndGlobalSection
	GlobalSection(ProjectConfigurationPlatforms) = postSolution
		{6DF027F2-0046-4224-AC61-3979618040BD}.Debug|Any CPU.ActiveCfg = Debug|x86
		{6DF027F2-0046-4224-AC61-3979618040BD}.Debug|Any CPU.Build.0 = Debug|x86
		{6DF027F2-0046-4224-AC61-3979618040BD}.Debug|Any CPU.Deploy.0 = Debug|x86
		{6DF027F2-0046-4224-AC61-3979618040BD}.Debug|ARM.ActiveCfg = Debug|ARM
		{6DF027F2-0046-4224-AC61-3979618040BD}.Debug|ARM.Build.0 = Debug|ARM
		{6DF027F2-0046-4224-AC61-3979618040BD}.Debug|ARM.Deploy.0 = Debug|ARM
		{6DF027F2-0046-4224-AC61-3979618040BD}.Debug|iPhone.ActiveCfg = Debug|x86
		{6DF027F2-0046-4224-AC61-3979618040BD}.Debug|iPhone.Build.0 = Debug|x86
		{6DF027F2-0046-4224-AC61-3979618040BD}.Debug|iPhone.Deploy.0 = Debug|x86
		{6DF027F2-0046-4224-AC61-3979618040BD}.Debug|iPhoneSimulator.ActiveCfg = Debug|x86
		{6DF027F2-0046-4224-AC61-3979618040BD}.Debug|iPhoneSimulator.Build.0 = Debug|x86
		{6DF027F2-0046-4224-AC61-3979618040BD}.Debug|iPhoneSimulator.Deploy.0 = Debug|x86
		{6DF027F2-0046-4224-AC61-3979618040BD}.Debug|x64.ActiveCfg = Debug|x64
		{6DF027F2-0046-4224-AC61-3979618040BD}.Debug|x64.Build.0 = Debug|x64
		{6DF027F2-0046-4224-AC61-3979618040BD}.Debug|x64.Deploy.0 = Debug|x64
		{6DF027F2-0046-4224-AC61-3979618040BD}.Debug|x86.ActiveCfg = Debug|x86
		{6DF027F2-0046-4224-AC61-3979618040BD}.Debug|x86.Build.0 = Debug|x86
		{6DF027F2-0046-4224-AC61-3979618040BD}.Debug|x86.Deploy.0 = Debug|x86
		{6DF027F2-0046-4224-AC61-3979618040BD}.Release|Any CPU.ActiveCfg = Release|x86
		{6DF027F2-0046-4224-AC61-3979618040BD}.Release|Any CPU.Build.0 = Release|x86
		{6DF027F2-0046-4224-AC61-3979618040BD}.Release|Any CPU.Deploy.0 = Release|x86
		{6DF027F2-0046-4224-AC61-3979618040BD}.Release|ARM.ActiveCfg = Release|ARM
		{6DF027F2-0046-4224-AC61-3979618040BD}.Release|ARM.Build.0 = Release|ARM
		{6DF027F2-0046-4224-AC61-3979618040BD}.Release|ARM.Deploy.0 = Release|ARM
		{6DF027F2-0046-4224-AC61-3979618040BD}.Release|iPhone.ActiveCfg = Release|x86
		{6DF027F2-0046-4224-AC61-3979618040BD}.Release|iPhone.Build.0 = Release|x86
		{6DF027F2-0046-4224-AC61-3979618040BD}.Release|iPhone.Deploy.0 = Release|x86
		{6DF027F2-0046-4224-AC61-3979618040BD}.Release|iPhoneSimulator.ActiveCfg = Release|x86
		{6DF027F2-0046-4224-AC61-3979618040BD}.Release|iPhoneSimulator.Build.0 = Release|x86
		{6DF027F2-0046-4224-AC61-3979618040BD}.Release|iPhoneSimulator.Deploy.0 = Release|x86
		{6DF027F2-0046-4224-AC61-3979618040BD}.Release|x64.ActiveCfg = Release|x64
		{6DF027F2-0046-4224-AC61-3979618040BD}.Release|x64.Build.0 = Release|x64
		{6DF027F2-0046-4224-AC61-3979618040BD}.Release|x64.Deploy.0 = Release|x64
		{6DF027F2-0046-4224-AC61-3979618040BD}.Release|x86.ActiveCfg = Release|x86
		{6DF027F2-0046-4224-AC61-3979618040BD}.Release|x86.Build.0 = Release|x86
		{6DF027F2-0046-4224-AC61-3979618040BD}.Release|x86.Deploy.0 = Release|x86
		{123C9F24-F52A-4C85-8EA9-2B02CA8C57EA}.Debug|Any CPU.ActiveCfg = Debug|Any CPU
		{123C9F24-F52A-4C85-8EA9-2B02CA8C57EA}.Debug|Any CPU.Build.0 = Debug|Any CPU
		{123C9F24-F52A-4C85-8EA9-2B02CA8C57EA}.Debug|Any CPU.Deploy.0 = Debug|Any CPU
		{123C9F24-F52A-4C85-8EA9-2B02CA8C57EA}.Debug|ARM.ActiveCfg = Debug|Any CPU
		{123C9F24-F52A-4C85-8EA9-2B02CA8C57EA}.Debug|ARM.Build.0 = Debug|Any CPU
		{123C9F24-F52A-4C85-8EA9-2B02CA8C57EA}.Debug|ARM.Deploy.0 = Debug|Any CPU
		{123C9F24-F52A-4C85-8EA9-2B02CA8C57EA}.Debug|iPhone.ActiveCfg = Debug|Any CPU
		{123C9F24-F52A-4C85-8EA9-2B02CA8C57EA}.Debug|iPhone.Build.0 = Debug|Any CPU
		{123C9F24-F52A-4C85-8EA9-2B02CA8C57EA}.Debug|iPhone.Deploy.0 = Debug|Any CPU
		{123C9F24-F52A-4C85-8EA9-2B02CA8C57EA}.Debug|iPhoneSimulator.ActiveCfg = Debug|Any CPU
		{123C9F24-F52A-4C85-8EA9-2B02CA8C57EA}.Debug|iPhoneSimulator.Build.0 = Debug|Any CPU
		{123C9F24-F52A-4C85-8EA9-2B02CA8C57EA}.Debug|iPhoneSimulator.Deploy.0 = Debug|Any CPU
		{123C9F24-F52A-4C85-8EA9-2B02CA8C57EA}.Debug|x64.ActiveCfg = Debug|Any CPU
		{123C9F24-F52A-4C85-8EA9-2B02CA8C57EA}.Debug|x64.Build.0 = Debug|Any CPU
		{123C9F24-F52A-4C85-8EA9-2B02CA8C57EA}.Debug|x64.Deploy.0 = Debug|Any CPU
		{123C9F24-F52A-4C85-8EA9-2B02CA8C57EA}.Debug|x86.ActiveCfg = Debug|Any CPU
		{123C9F24-F52A-4C85-8EA9-2B02CA8C57EA}.Debug|x86.Build.0 = Debug|Any CPU
		{123C9F24-F52A-4C85-8EA9-2B02CA8C57EA}.Debug|x86.Deploy.0 = Debug|Any CPU
		{123C9F24-F52A-4C85-8EA9-2B02CA8C57EA}.Release|Any CPU.ActiveCfg = Release|Any CPU
		{123C9F24-F52A-4C85-8EA9-2B02CA8C57EA}.Release|Any CPU.Build.0 = Release|Any CPU
		{123C9F24-F52A-4C85-8EA9-2B02CA8C57EA}.Release|Any CPU.Deploy.0 = Release|Any CPU
		{123C9F24-F52A-4C85-8EA9-2B02CA8C57EA}.Release|ARM.ActiveCfg = Release|Any CPU
		{123C9F24-F52A-4C85-8EA9-2B02CA8C57EA}.Release|ARM.Build.0 = Release|Any CPU
		{123C9F24-F52A-4C85-8EA9-2B02CA8C57EA}.Release|ARM.Deploy.0 = Release|Any CPU
		{123C9F24-F52A-4C85-8EA9-2B02CA8C57EA}.Release|iPhone.ActiveCfg = Release|Any CPU
		{123C9F24-F52A-4C85-8EA9-2B02CA8C57EA}.Release|iPhone.Build.0 = Release|Any CPU
		{123C9F24-F52A-4C85-8EA9-2B02CA8C57EA}.Release|iPhone.Deploy.0 = Release|Any CPU
		{123C9F24-F52A-4C85-8EA9-2B02CA8C57EA}.Release|iPhoneSimulator.ActiveCfg = Release|Any CPU
		{123C9F24-F52A-4C85-8EA9-2B02CA8C57EA}.Release|iPhoneSimulator.Build.0 = Release|Any CPU
		{123C9F24-F52A-4C85-8EA9-2B02CA8C57EA}.Release|iPhoneSimulator.Deploy.0 = Release|Any CPU
		{123C9F24-F52A-4C85-8EA9-2B02CA8C57EA}.Release|x64.ActiveCfg = Release|Any CPU
		{123C9F24-F52A-4C85-8EA9-2B02CA8C57EA}.Release|x64.Build.0 = Release|Any CPU
		{123C9F24-F52A-4C85-8EA9-2B02CA8C57EA}.Release|x64.Deploy.0 = Release|Any CPU
		{123C9F24-F52A-4C85-8EA9-2B02CA8C57EA}.Release|x86.ActiveCfg = Release|Any CPU
		{123C9F24-F52A-4C85-8EA9-2B02CA8C57EA}.Release|x86.Build.0 = Release|Any CPU
		{123C9F24-F52A-4C85-8EA9-2B02CA8C57EA}.Release|x86.Deploy.0 = Release|Any CPU
		{CE452E5F-DAE5-43F5-83BB-D04CEB257EEA}.Debug|Any CPU.ActiveCfg = Debug|iPhone
		{CE452E5F-DAE5-43F5-83BB-D04CEB257EEA}.Debug|Any CPU.Build.0 = Debug|iPhone
		{CE452E5F-DAE5-43F5-83BB-D04CEB257EEA}.Debug|Any CPU.Deploy.0 = Debug|iPhone
		{CE452E5F-DAE5-43F5-83BB-D04CEB257EEA}.Debug|ARM.ActiveCfg = Debug|iPhoneSimulator
		{CE452E5F-DAE5-43F5-83BB-D04CEB257EEA}.Debug|ARM.Build.0 = Debug|iPhoneSimulator
		{CE452E5F-DAE5-43F5-83BB-D04CEB257EEA}.Debug|ARM.Deploy.0 = Debug|iPhoneSimulator
		{CE452E5F-DAE5-43F5-83BB-D04CEB257EEA}.Debug|iPhone.ActiveCfg = Debug|iPhone
		{CE452E5F-DAE5-43F5-83BB-D04CEB257EEA}.Debug|iPhone.Build.0 = Debug|iPhone
		{CE452E5F-DAE5-43F5-83BB-D04CEB257EEA}.Debug|iPhone.Deploy.0 = Debug|iPhone
		{CE452E5F-DAE5-43F5-83BB-D04CEB257EEA}.Debug|iPhoneSimulator.ActiveCfg = Debug|iPhoneSimulator
		{CE452E5F-DAE5-43F5-83BB-D04CEB257EEA}.Debug|iPhoneSimulator.Build.0 = Debug|iPhoneSimulator
		{CE452E5F-DAE5-43F5-83BB-D04CEB257EEA}.Debug|iPhoneSimulator.Deploy.0 = Debug|iPhoneSimulator
		{CE452E5F-DAE5-43F5-83BB-D04CEB257EEA}.Debug|x64.ActiveCfg = Debug|iPhone
		{CE452E5F-DAE5-43F5-83BB-D04CEB257EEA}.Debug|x64.Build.0 = Debug|iPhone
		{CE452E5F-DAE5-43F5-83BB-D04CEB257EEA}.Debug|x64.Deploy.0 = Debug|iPhone
		{CE452E5F-DAE5-43F5-83BB-D04CEB257EEA}.Debug|x86.ActiveCfg = Debug|iPhone
		{CE452E5F-DAE5-43F5-83BB-D04CEB257EEA}.Debug|x86.Build.0 = Debug|iPhone
		{CE452E5F-DAE5-43F5-83BB-D04CEB257EEA}.Debug|x86.Deploy.0 = Debug|iPhone
		{CE452E5F-DAE5-43F5-83BB-D04CEB257EEA}.Release|Any CPU.ActiveCfg = Release|iPhone
		{CE452E5F-DAE5-43F5-83BB-D04CEB257EEA}.Release|Any CPU.Build.0 = Release|iPhone
		{CE452E5F-DAE5-43F5-83BB-D04CEB257EEA}.Release|Any CPU.Deploy.0 = Release|iPhone
		{CE452E5F-DAE5-43F5-83BB-D04CEB257EEA}.Release|ARM.ActiveCfg = Release|iPhone
		{CE452E5F-DAE5-43F5-83BB-D04CEB257EEA}.Release|ARM.Build.0 = Release|iPhone
		{CE452E5F-DAE5-43F5-83BB-D04CEB257EEA}.Release|ARM.Deploy.0 = Release|iPhone
		{CE452E5F-DAE5-43F5-83BB-D04CEB257EEA}.Release|iPhone.ActiveCfg = Release|iPhone
		{CE452E5F-DAE5-43F5-83BB-D04CEB257EEA}.Release|iPhone.Build.0 = Release|iPhone
		{CE452E5F-DAE5-43F5-83BB-D04CEB257EEA}.Release|iPhone.Deploy.0 = Release|iPhone
		{CE452E5F-DAE5-43F5-83BB-D04CEB257EEA}.Release|iPhoneSimulator.ActiveCfg = Release|iPhoneSimulator
		{CE452E5F-DAE5-43F5-83BB-D04CEB257EEA}.Release|iPhoneSimulator.Build.0 = Release|iPhoneSimulator
		{CE452E5F-DAE5-43F5-83BB-D04CEB257EEA}.Release|iPhoneSimulator.Deploy.0 = Release|iPhoneSimulator
		{CE452E5F-DAE5-43F5-83BB-D04CEB257EEA}.Release|x64.ActiveCfg = Release|iPhone
		{CE452E5F-DAE5-43F5-83BB-D04CEB257EEA}.Release|x64.Build.0 = Release|iPhone
		{CE452E5F-DAE5-43F5-83BB-D04CEB257EEA}.Release|x64.Deploy.0 = Release|iPhone
		{CE452E5F-DAE5-43F5-83BB-D04CEB257EEA}.Release|x86.ActiveCfg = Release|iPhone
		{CE452E5F-DAE5-43F5-83BB-D04CEB257EEA}.Release|x86.Build.0 = Release|iPhone
		{CE452E5F-DAE5-43F5-83BB-D04CEB257EEA}.Release|x86.Deploy.0 = Release|iPhone
		{023C56ED-B407-41B2-AC90-35EBDA1D3472}.Debug|Any CPU.ActiveCfg = Debug|Any CPU
		{023C56ED-B407-41B2-AC90-35EBDA1D3472}.Debug|Any CPU.Build.0 = Debug|Any CPU
		{023C56ED-B407-41B2-AC90-35EBDA1D3472}.Debug|Any CPU.Deploy.0 = Debug|Any CPU
		{023C56ED-B407-41B2-AC90-35EBDA1D3472}.Debug|ARM.ActiveCfg = Debug|Any CPU
		{023C56ED-B407-41B2-AC90-35EBDA1D3472}.Debug|ARM.Build.0 = Debug|Any CPU
		{023C56ED-B407-41B2-AC90-35EBDA1D3472}.Debug|ARM.Deploy.0 = Debug|Any CPU
		{023C56ED-B407-41B2-AC90-35EBDA1D3472}.Debug|iPhone.ActiveCfg = Debug|Any CPU
		{023C56ED-B407-41B2-AC90-35EBDA1D3472}.Debug|iPhone.Build.0 = Debug|Any CPU
		{023C56ED-B407-41B2-AC90-35EBDA1D3472}.Debug|iPhone.Deploy.0 = Debug|Any CPU
		{023C56ED-B407-41B2-AC90-35EBDA1D3472}.Debug|iPhoneSimulator.ActiveCfg = Debug|Any CPU
		{023C56ED-B407-41B2-AC90-35EBDA1D3472}.Debug|iPhoneSimulator.Build.0 = Debug|Any CPU
		{023C56ED-B407-41B2-AC90-35EBDA1D3472}.Debug|iPhoneSimulator.Deploy.0 = Debug|Any CPU
		{023C56ED-B407-41B2-AC90-35EBDA1D3472}.Debug|x64.ActiveCfg = Debug|Any CPU
		{023C56ED-B407-41B2-AC90-35EBDA1D3472}.Debug|x64.Build.0 = Debug|Any CPU
		{023C56ED-B407-41B2-AC90-35EBDA1D3472}.Debug|x64.Deploy.0 = Debug|Any CPU
		{023C56ED-B407-41B2-AC90-35EBDA1D3472}.Debug|x86.ActiveCfg = Debug|Any CPU
		{023C56ED-B407-41B2-AC90-35EBDA1D3472}.Debug|x86.Build.0 = Debug|Any CPU
		{023C56ED-B407-41B2-AC90-35EBDA1D3472}.Debug|x86.Deploy.0 = Debug|Any CPU
		{023C56ED-B407-41B2-AC90-35EBDA1D3472}.Release|Any CPU.ActiveCfg = Release|Any CPU
		{023C56ED-B407-41B2-AC90-35EBDA1D3472}.Release|Any CPU.Build.0 = Release|Any CPU
		{023C56ED-B407-41B2-AC90-35EBDA1D3472}.Release|Any CPU.Deploy.0 = Release|Any CPU
		{023C56ED-B407-41B2-AC90-35EBDA1D3472}.Release|ARM.ActiveCfg = Release|Any CPU
		{023C56ED-B407-41B2-AC90-35EBDA1D3472}.Release|ARM.Build.0 = Release|Any CPU
		{023C56ED-B407-41B2-AC90-35EBDA1D3472}.Release|ARM.Deploy.0 = Release|Any CPU
		{023C56ED-B407-41B2-AC90-35EBDA1D3472}.Release|iPhone.ActiveCfg = Release|Any CPU
		{023C56ED-B407-41B2-AC90-35EBDA1D3472}.Release|iPhone.Build.0 = Release|Any CPU
		{023C56ED-B407-41B2-AC90-35EBDA1D3472}.Release|iPhone.Deploy.0 = Release|Any CPU
		{023C56ED-B407-41B2-AC90-35EBDA1D3472}.Release|iPhoneSimulator.ActiveCfg = Release|Any CPU
		{023C56ED-B407-41B2-AC90-35EBDA1D3472}.Release|iPhoneSimulator.Build.0 = Release|Any CPU
		{023C56ED-B407-41B2-AC90-35EBDA1D3472}.Release|iPhoneSimulator.Deploy.0 = Release|Any CPU
		{023C56ED-B407-41B2-AC90-35EBDA1D3472}.Release|x64.ActiveCfg = Release|Any CPU
		{023C56ED-B407-41B2-AC90-35EBDA1D3472}.Release|x64.Build.0 = Release|Any CPU
		{023C56ED-B407-41B2-AC90-35EBDA1D3472}.Release|x64.Deploy.0 = Release|Any CPU
		{023C56ED-B407-41B2-AC90-35EBDA1D3472}.Release|x86.ActiveCfg = Release|Any CPU
		{023C56ED-B407-41B2-AC90-35EBDA1D3472}.Release|x86.Build.0 = Release|Any CPU
		{023C56ED-B407-41B2-AC90-35EBDA1D3472}.Release|x86.Deploy.0 = Release|Any CPU
	EndGlobalSection
	GlobalSection(SolutionProperties) = preSolution
		HideSolutionNode = FALSE
	EndGlobalSection
	GlobalSection(ExtensibilityGlobals) = postSolution
		SolutionGuid = {66FC453B-0C24-463C-AB42-60393174CA61}
	EndGlobalSection
EndGlobal
